
Microsoft Visual Studio Solution File, Format Version 12.00
# Visual Studio 15
VisualStudioVersion = 15.0.28307.1972
MinimumVisualStudioVersion = 10.0.40219.1
Project("{FAE04EC0-301F-11D3-BF4B-00C04F79EFBC}") = "AppTarefas", "AppTarefas\AppTarefas.csproj", "{08A287A4-6D55-4C9B-9DF9-8DFFD0319FE8}"
EndProject
Global
	GlobalSection(SolutionConfigurationPlatforms) = preSolution
		Debug|Any CPU = Debug|Any CPU
		Release|Any CPU = Release|Any CPU
	EndGlobalSection
	GlobalSection(ProjectConfigurationPlatforms) = postSolution
		{08A287A4-6D55-4C9B-9DF9-8DFFD0319FE8}.Debug|Any CPU.ActiveCfg = Debug|Any CPU
		{08A287A4-6D55-4C9B-9DF9-8DFFD0319FE8}.Debug|Any CPU.Build.0 = Debug|Any CPU
		{08A287A4-6D55-4C9B-9DF9-8DFFD0319FE8}.Release|Any CPU.ActiveCfg = Release|Any CPU
		{08A287A4-6D55-4C9B-9DF9-8DFFD0319FE8}.Release|Any CPU.Build.0 = Release|Any CPU
	EndGlobalSection
	GlobalSection(SolutionProperties) = preSolution
		HideSolutionNode = FALSE
	EndGlobalSection
	GlobalSection(ExtensibilityGlobals) = postSolution
		SolutionGuid = {F1F45694-1054-4F02-A3B4-1008DFEEEABB}
	EndGlobalSection
EndGlobal
